Microsoft Visual Studio Solution File, Format Version 11.00
# Visual Studio 2013
Project("{FAE04EC0-301F-11D3-BF4B-00C04F79EFBC}") = "TC_EACConfigure", "TC_EACConfigure\TC_EACConfigure.csproj", "{24306ECC-B9C4-402E-AB13-723AFD865214}"
EndProject
Project("{FAE04EC0-301F-11D3-BF4B-00C04F79EFBC}") = "TC_MAConfigure", "TC_MAConfigure\TC_MAConfigure.csproj", "{085F6AE0-BBFB-4E87-89BC-F1C3413193A2}"
EndProject
Project("{FAE04EC0-301F-11D3-BF4B-00C04F79EFBC}") = "TC_SyncDL", "TC_SyncDL\TC_SyncDL.csproj", "{86B03FF8-078D-4CBF-9BE2-4288B4E9248E}"
EndProject
Project("{FAE04EC0-301F-11D3-BF4B-00C04F79EFBC}") = "TC_MALogging", "TC_MALogging\TC_MALogging.csproj", "{517E07CC-10AB-491D-A2F3-5977A71EB7A0}"
EndProject
Project("{FAE04EC0-301F-11D3-BF4B-00C04F79EFBC}") = "TC_MAModelValue", "TC_MAModelValue\TC_MAModelValue.csproj", "{D69B1823-B23F-473A-A1BA-45D997916FE4}"
EndProject
Project("{FAE04EC0-301F-11D3-BF4B-00C04F79EFBC}") = "TC_EAMLogging", "TC_EAMLogging\TC_EAMLogging.csproj", "{EFD023CA-37CA-41FA-BF96-F3D3BBB806A5}"
EndProject
Project("{FAE04EC0-301F-11D3-BF4B-00C04F79EFBC}") = "PlotHelper", "PlotHelper\PlotHelper.csproj", "{CCB21C0B-1CFA-4749-A641-8B251E4A8984}"
EndProject
Project("{FAE04EC0-301F-11D3-BF4B-00C04F79EFBC}") = "TC_TAWarning", "TC_TAWarning\TC_TAWarning.csproj", "{33030F1B-279E-4E8F-90FD-E57F556830F6}"
EndProject
Project("{FAE04EC0-301F-11D3-BF4B-00C04F79EFBC}") = "TC_TestHandlerOutput", "TC_TestHandlerOutput\TC_TestHandlerOutput.csproj", "{3F37FE9F-D5C9-41EA-8C07-51402A2389FD}"
EndProject
Project("{FAE04EC0-301F-11D3-BF4B-00C04F79EFBC}") = "TC_Parameter", "TC_Parameter\TC_Parameter.csproj", "{1401AD2A-3DAE-45CE-964A-4613D9EEB0A3}"
EndProject
Project("{FAE04EC0-301F-11D3-BF4B-00C04F79EFBC}") = "TC_Report", "TC_Report\TC_Report.csproj", "{6B829175-CE84-425F-9002-604E4CB85EBB}"
EndProject
Project("{FAE04EC0-301F-11D3-BF4B-00C04F79EFBC}") = "TC_ReportTable", "TC_ReportTable\TC_ReportTable.csproj", "{26B3DB05-5F62-436B-BDE0-81D455C6AFEF}"
EndProject
Project("{FAE04EC0-301F-11D3-BF4B-00C04F79EFBC}") = "TC_SignalGenerator", "TC_SignalGenerator\TC_SignalGenerator.csproj", "{402D7D0B-DB32-4201-8913-8EC53EB39DFB}"
EndProject
Project("{FAE04EC0-301F-11D3-BF4B-00C04F79EFBC}") = "TC_EACSwitchPage", "TC_EACSwitchPage\TC_EACSwitchPage.csproj", "{CA18EB8D-6C30-4C2B-B909-E59B99BA94A9}"
EndProject
Project("{FAE04EC0-301F-11D3-BF4B-00C04F79EFBC}") = "TC_DiagAccess", "TC_DiagAccess\TC_DiagAccess.csproj", "{DD72B921-A04E-4D2D-B188-F9EFF207C43A}"
EndProject
Global
	GlobalSection(SolutionConfigurationPlatforms) = preSolution
		Debug|Any CPU = Debug|Any CPU
		Release|Any CPU = Release|Any CPU
	EndGlobalSection
	GlobalSection(ProjectConfigurationPlatforms) = postSolution
		{24306ECC-B9C4-402E-AB13-723AFD865214}.Debug|Any CPU.ActiveCfg = Debug|Any CPU
		{24306ECC-B9C4-402E-AB13-723AFD865214}.Debug|Any CPU.Build.0 = Debug|Any CPU
		{24306ECC-B9C4-402E-AB13-723AFD865214}.Release|Any CPU.ActiveCfg = Release|Any CPU
		{24306ECC-B9C4-402E-AB13-723AFD865214}.Release|Any CPU.Build.0 = Release|Any CPU
		{085F6AE0-BBFB-4E87-89BC-F1C3413193A2}.Debug|Any CPU.ActiveCfg = Debug|Any CPU
		{085F6AE0-BBFB-4E87-89BC-F1C3413193A2}.Debug|Any CPU.Build.0 = Debug|Any CPU
		{085F6AE0-BBFB-4E87-89BC-F1C3413193A2}.Release|Any CPU.ActiveCfg = Release|Any CPU
		{085F6AE0-BBFB-4E87-89BC-F1C3413193A2}.Release|Any CPU.Build.0 = Release|Any CPU
		{86B03FF8-078D-4CBF-9BE2-4288B4E9248E}.Debug|Any CPU.ActiveCfg = Debug|Any CPU
		{86B03FF8-078D-4CBF-9BE2-4288B4E9248E}.Debug|Any CPU.Build.0 = Debug|Any CPU
		{86B03FF8-078D-4CBF-9BE2-4288B4E9248E}.Release|Any CPU.ActiveCfg = Release|Any CPU
		{86B03FF8-078D-4CBF-9BE2-4288B4E9248E}.Release|Any CPU.Build.0 = Release|Any CPU
		{517E07CC-10AB-491D-A2F3-5977A71EB7A0}.Debug|Any CPU.ActiveCfg = Debug|Any CPU
		{517E07CC-10AB-491D-A2F3-5977A71EB7A0}.Debug|Any CPU.Build.0 = Debug|Any CPU
		{517E07CC-10AB-491D-A2F3-5977A71EB7A0}.Release|Any CPU.ActiveCfg = Release|Any CPU
		{517E07CC-10AB-491D-A2F3-5977A71EB7A0}.Release|Any CPU.Build.0 = Release|Any CPU
		{D69B1823-B23F-473A-A1BA-45D997916FE4}.Debug|Any CPU.ActiveCfg = Debug|Any CPU
		{D69B1823-B23F-473A-A1BA-45D997916FE4}.Debug|Any CPU.Build.0 = Debug|Any CPU
		{D69B1823-B23F-473A-A1BA-45D997916FE4}.Release|Any CPU.ActiveCfg = Release|Any CPU
		{D69B1823-B23F-473A-A1BA-45D997916FE4}.Release|Any CPU.Build.0 = Release|Any CPU
		{EFD023CA-37CA-41FA-BF96-F3D3BBB806A5}.Debug|Any CPU.ActiveCfg = Debug|Any CPU
		{EFD023CA-37CA-41FA-BF96-F3D3BBB806A5}.Debug|Any CPU.Build.0 = Debug|Any CPU
		{EFD023CA-37CA-41FA-BF96-F3D3BBB806A5}.Release|Any CPU.ActiveCfg = Release|Any CPU
		{EFD023CA-37CA-41FA-BF96-F3D3BBB806A5}.Release|Any CPU.Build.0 = Release|Any CPU
		{CCB21C0B-1CFA-4749-A641-8B251E4A8984}.Debug|Any CPU.ActiveCfg = Debug|Any CPU
		{CCB21C0B-1CFA-4749-A641-8B251E4A8984}.Debug|Any CPU.Build.0 = Debug|Any CPU
		{CCB21C0B-1CFA-4749-A641-8B251E4A8984}.Release|Any CPU.ActiveCfg = Release|Any CPU
		{CCB21C0B-1CFA-4749-A641-8B251E4A8984}.Release|Any CPU.Build.0 = Release|Any CPU
		{33030F1B-279E-4E8F-90FD-E57F556830F6}.Debug|Any CPU.ActiveCfg = Debug|Any CPU
		{33030F1B-279E-4E8F-90FD-E57F556830F6}.Debug|Any CPU.Build.0 = Debug|Any CPU
		{33030F1B-279E-4E8F-90FD-E57F556830F6}.Release|Any CPU.ActiveCfg = Release|Any CPU
		{33030F1B-279E-4E8F-90FD-E57F556830F6}.Release|Any CPU.Build.0 = Release|Any CPU
		{3F37FE9F-D5C9-41EA-8C07-51402A2389FD}.Debug|Any CPU.ActiveCfg = Debug|Any CPU
		{3F37FE9F-D5C9-41EA-8C07-51402A2389FD}.Debug|Any CPU.Build.0 = Debug|Any CPU
		{3F37FE9F-D5C9-41EA-8C07-51402A2389FD}.Release|Any CPU.ActiveCfg = Release|Any CPU
		{3F37FE9F-D5C9-41EA-8C07-51402A2389FD}.Release|Any CPU.Build.0 = Release|Any CPU
		{1401AD2A-3DAE-45CE-964A-4613D9EEB0A3}.Debug|Any CPU.ActiveCfg = Debug|Any CPU
		{1401AD2A-3DAE-45CE-964A-4613D9EEB0A3}.Debug|Any CPU.Build.0 = Debug|Any CPU
		{1401AD2A-3DAE-45CE-964A-4613D9EEB0A3}.Release|Any CPU.ActiveCfg = Release|Any CPU
		{1401AD2A-3DAE-45CE-964A-4613D9EEB0A3}.Release|Any CPU.Build.0 = Release|Any CPU
		{6B829175-CE84-425F-9002-604E4CB85EBB}.Debug|Any CPU.ActiveCfg = Debug|Any CPU
		{6B829175-CE84-425F-9002-604E4CB85EBB}.Debug|Any CPU.Build.0 = Debug|Any CPU
		{6B829175-CE84-425F-9002-604E4CB85EBB}.Release|Any CPU.ActiveCfg = Release|Any CPU
		{6B829175-CE84-425F-9002-604E4CB85EBB}.Release|Any CPU.Build.0 = Release|Any CPU
		{26B3DB05-5F62-436B-BDE0-81D455C6AFEF}.Debug|Any CPU.ActiveCfg = Debug|Any CPU
		{26B3DB05-5F62-436B-BDE0-81D455C6AFEF}.Debug|Any CPU.Build.0 = Debug|Any CPU
		{26B3DB05-5F62-436B-BDE0-81D455C6AFEF}.Release|Any CPU.ActiveCfg = Release|Any CPU
		{26B3DB05-5F62-436B-BDE0-81D455C6AFEF}.Release|Any CPU.Build.0 = Release|Any CPU
		{402D7D0B-DB32-4201-8913-8EC53EB39DFB}.Debug|Any CPU.ActiveCfg = Debug|Any CPU
		{402D7D0B-DB32-4201-8913-8EC53EB39DFB}.Debug|Any CPU.Build.0 = Debug|Any CPU
		{402D7D0B-DB32-4201-8913-8EC53EB39DFB}.Release|Any CPU.ActiveCfg = Release|Any CPU
		{402D7D0B-DB32-4201-8913-8EC53EB39DFB}.Release|Any CPU.Build.0 = Release|Any CPU
		{CA18EB8D-6C30-4C2B-B909-E59B99BA94A9}.Debug|Any CPU.ActiveCfg = Debug|Any CPU
		{CA18EB8D-6C30-4C2B-B909-E59B99BA94A9}.Debug|Any CPU.Build.0 = Debug|Any CPU
		{CA18EB8D-6C30-4C2B-B909-E59B99BA94A9}.Release|Any CPU.ActiveCfg = Release|Any CPU
		{CA18EB8D-6C30-4C2B-B909-E59B99BA94A9}.Release|Any CPU.Build.0 = Release|Any CPU
		{DD72B921-A04E-4D2D-B188-F9EFF207C43A}.Debug|Any CPU.ActiveCfg = Debug|Any CPU
		{DD72B921-A04E-4D2D-B188-F9EFF207C43A}.Debug|Any CPU.Build.0 = Debug|Any CPU
		{DD72B921-A04E-4D2D-B188-F9EFF207C43A}.Release|Any CPU.ActiveCfg = Release|Any CPU
		{DD72B921-A04E-4D2D-B188-F9EFF207C43A}.Release|Any CPU.Build.0 = Release|Any CPU
	EndGlobalSection
	GlobalSection(SolutionProperties) = preSolution
		HideSolutionNode = FALSE
	EndGlobalSection
	GlobalSection(DPCodeReviewSolutionGUID) = preSolution
		DPCodeReviewSolutionGUID = {00000000-0000-0000-0000-000000000000}
	EndGlobalSection
EndGlobal
