
Microsoft Visual Studio Solution File, Format Version 12.00
# Visual Studio 2013
VisualStudioVersion = 12.0.21005.1
MinimumVisualStudioVersion = 10.0.40219.1
Project("{FAE04EC0-301F-11D3-BF4B-00C04F79EFBC}") = "TC_ReportingPlotTest", "TC_ReportingPlotTest\TC_ReportingPlotTest.csproj", "{129B7942-D7A6-4FAA-843D-34585D7B9352}"
EndProject
Project("{FAE04EC0-301F-11D3-BF4B-00C04F79EFBC}") = "TC_ReportingPlotTestDynamic", "TC_ReportingPlotTestDynamic\TC_ReportingPlotTestDynamic.csproj", "{6E08AD59-45FE-4725-B41F-B0033D668E99}"
EndProject
Project("{FAE04EC0-301F-11D3-BF4B-00C04F79EFBC}") = "TC_ReportingRequirements", "TC_ReportingRequirements\TC_ReportingRequirements.csproj", "{1CEE94D7-5FE3-459B-9666-D13420AC153B}"
EndProject
Project("{FAE04EC0-301F-11D3-BF4B-00C04F79EFBC}") = "TC_SectionTest", "TC_SectionTest\TC_SectionTest.csproj", "{B09C075E-22AB-4325-B554-B3E757785069}"
EndProject
Project("{FAE04EC0-301F-11D3-BF4B-00C04F79EFBC}") = "TC_SetVerdictNET", "TC_SetVerdictNET\TC_SetVerdictNET.csproj", "{179E6BD9-A7CA-44AB-82D6-25768EDA1368}"
EndProject
Global
	GlobalSection(SolutionConfigurationPlatforms) = preSolution
		Debug|Any CPU = Debug|Any CPU
		Release|Any CPU = Release|Any CPU
	EndGlobalSection
	GlobalSection(ProjectConfigurationPlatforms) = postSolution
		{129B7942-D7A6-4FAA-843D-34585D7B9352}.Debug|Any CPU.ActiveCfg = Debug|Any CPU
		{129B7942-D7A6-4FAA-843D-34585D7B9352}.Debug|Any CPU.Build.0 = Debug|Any CPU
		{129B7942-D7A6-4FAA-843D-34585D7B9352}.Release|Any CPU.ActiveCfg = Release|Any CPU
		{129B7942-D7A6-4FAA-843D-34585D7B9352}.Release|Any CPU.Build.0 = Release|Any CPU
		{6E08AD59-45FE-4725-B41F-B0033D668E99}.Debug|Any CPU.ActiveCfg = Debug|Any CPU
		{6E08AD59-45FE-4725-B41F-B0033D668E99}.Debug|Any CPU.Build.0 = Debug|Any CPU
		{6E08AD59-45FE-4725-B41F-B0033D668E99}.Release|Any CPU.ActiveCfg = Release|Any CPU
		{6E08AD59-45FE-4725-B41F-B0033D668E99}.Release|Any CPU.Build.0 = Release|Any CPU
		{1CEE94D7-5FE3-459B-9666-D13420AC153B}.Debug|Any CPU.ActiveCfg = Debug|Any CPU
		{1CEE94D7-5FE3-459B-9666-D13420AC153B}.Debug|Any CPU.Build.0 = Debug|Any CPU
		{1CEE94D7-5FE3-459B-9666-D13420AC153B}.Release|Any CPU.ActiveCfg = Release|Any CPU
		{1CEE94D7-5FE3-459B-9666-D13420AC153B}.Release|Any CPU.Build.0 = Release|Any CPU
		{B09C075E-22AB-4325-B554-B3E757785069}.Debug|Any CPU.ActiveCfg = Debug|Any CPU
		{B09C075E-22AB-4325-B554-B3E757785069}.Debug|Any CPU.Build.0 = Debug|Any CPU
		{B09C075E-22AB-4325-B554-B3E757785069}.Release|Any CPU.ActiveCfg = Release|Any CPU
		{B09C075E-22AB-4325-B554-B3E757785069}.Release|Any CPU.Build.0 = Release|Any CPU
		{179E6BD9-A7CA-44AB-82D6-25768EDA1368}.Debug|Any CPU.ActiveCfg = Debug|Any CPU
		{179E6BD9-A7CA-44AB-82D6-25768EDA1368}.Debug|Any CPU.Build.0 = Debug|Any CPU
		{179E6BD9-A7CA-44AB-82D6-25768EDA1368}.Release|Any CPU.ActiveCfg = Release|Any CPU
		{179E6BD9-A7CA-44AB-82D6-25768EDA1368}.Release|Any CPU.Build.0 = Release|Any CPU
	EndGlobalSection
	GlobalSection(SolutionProperties) = preSolution
		HideSolutionNode = FALSE
	EndGlobalSection
EndGlobal
