
Microsoft Visual Studio Solution File, Format Version 12.00
# Visual Studio Version 17
VisualStudioVersion = 17.4.32916.344
MinimumVisualStudioVersion = 10.0.40219.1
Project("{9A19103F-16F7-4668-BE54-9A1E7A4F7556}") = "LabCarDeskTop", "LabCarDeskTop\LabCarDeskTop.csproj", "{7B6D1F5D-4136-4C16-8332-0D6BDE33AAA4}"
EndProject
Project("{9A19103F-16F7-4668-BE54-9A1E7A4F7556}") = "TestContextLabCar", "TestContextLabCar\TestContextLabCar.csproj", "{53539A63-AD8D-438E-A6A0-E63A16AFA303}"
EndProject
Project("{9A19103F-16F7-4668-BE54-9A1E7A4F7556}") = "ContextLabCar", "ContextLabCar\ContextLabCar.csproj", "{4D6582BD-F5BB-46F0-8FB0-546AD86ED632}"
EndProject
Project("{9A19103F-16F7-4668-BE54-9A1E7A4F7556}") = "TestDelegate", "TestDelegate\TestDelegate.csproj", "{1F37443A-C6BC-42E5-962F-C54DC33C0C1C}"
EndProject
Project("{9A19103F-16F7-4668-BE54-9A1E7A4F7556}") = "TestPerem", "TestPerem\TestPerem.csproj", "{C4CA9B8C-ADC8-4634-985A-93FB0553C69B}"
EndProject
Project("{9A19103F-16F7-4668-BE54-9A1E7A4F7556}") = "LabCar2", "LabCar2\LabCar2.csproj", "{FBDE51D3-5612-41BB-AE7D-3119F9B69529}"
EndProject
Project("{9A19103F-16F7-4668-BE54-9A1E7A4F7556}") = "LabCarContext20", "LabCarContext20\LabCarContext20.csproj", "{419A5930-A4BC-4524-81ED-E6F10182BA00}"
EndProject
Project("{2150E333-8FDC-42A3-9474-1A3956D46DE8}") = "MatLab", "MatLab", "{E3A27AFF-D445-4784-8725-E4B211062091}"
EndProject
Project("{9A19103F-16F7-4668-BE54-9A1E7A4F7556}") = "TestMatlab", "MatLab\TestMatlab\TestMatlab.csproj", "{2750A316-2DA2-45CB-9C5B-8A44A5D2A67C}"
EndProject
Project("{FAE04EC0-301F-11D3-BF4B-00C04F79EFBC}") = "MatLabConvert", "MatLabConvert\MatLabConvert.csproj", "{03836756-4441-4B92-AAAD-5A778B39C500}"
EndProject
Global
	GlobalSection(SolutionConfigurationPlatforms) = preSolution
		Debug|Any CPU = Debug|Any CPU
		Model|Any CPU = Model|Any CPU
		Release|Any CPU = Release|Any CPU
	EndGlobalSection
	GlobalSection(ProjectConfigurationPlatforms) = postSolution
		{7B6D1F5D-4136-4C16-8332-0D6BDE33AAA4}.Debug|Any CPU.ActiveCfg = Debug|Any CPU
		{7B6D1F5D-4136-4C16-8332-0D6BDE33AAA4}.Debug|Any CPU.Build.0 = Debug|Any CPU
		{7B6D1F5D-4136-4C16-8332-0D6BDE33AAA4}.Model|Any CPU.ActiveCfg = Model|Any CPU
		{7B6D1F5D-4136-4C16-8332-0D6BDE33AAA4}.Model|Any CPU.Build.0 = Model|Any CPU
		{7B6D1F5D-4136-4C16-8332-0D6BDE33AAA4}.Release|Any CPU.ActiveCfg = Release|Any CPU
		{7B6D1F5D-4136-4C16-8332-0D6BDE33AAA4}.Release|Any CPU.Build.0 = Release|Any CPU
		{53539A63-AD8D-438E-A6A0-E63A16AFA303}.Debug|Any CPU.ActiveCfg = Debug|Any CPU
		{53539A63-AD8D-438E-A6A0-E63A16AFA303}.Debug|Any CPU.Build.0 = Debug|Any CPU
		{53539A63-AD8D-438E-A6A0-E63A16AFA303}.Model|Any CPU.ActiveCfg = Model|Any CPU
		{53539A63-AD8D-438E-A6A0-E63A16AFA303}.Model|Any CPU.Build.0 = Model|Any CPU
		{53539A63-AD8D-438E-A6A0-E63A16AFA303}.Release|Any CPU.ActiveCfg = Release|Any CPU
		{53539A63-AD8D-438E-A6A0-E63A16AFA303}.Release|Any CPU.Build.0 = Release|Any CPU
		{4D6582BD-F5BB-46F0-8FB0-546AD86ED632}.Debug|Any CPU.ActiveCfg = Debug|Any CPU
		{4D6582BD-F5BB-46F0-8FB0-546AD86ED632}.Debug|Any CPU.Build.0 = Debug|Any CPU
		{4D6582BD-F5BB-46F0-8FB0-546AD86ED632}.Model|Any CPU.ActiveCfg = Model|Any CPU
		{4D6582BD-F5BB-46F0-8FB0-546AD86ED632}.Model|Any CPU.Build.0 = Model|Any CPU
		{4D6582BD-F5BB-46F0-8FB0-546AD86ED632}.Release|Any CPU.ActiveCfg = Release|Any CPU
		{4D6582BD-F5BB-46F0-8FB0-546AD86ED632}.Release|Any CPU.Build.0 = Release|Any CPU
		{1F37443A-C6BC-42E5-962F-C54DC33C0C1C}.Debug|Any CPU.ActiveCfg = Debug|Any CPU
		{1F37443A-C6BC-42E5-962F-C54DC33C0C1C}.Debug|Any CPU.Build.0 = Debug|Any CPU
		{1F37443A-C6BC-42E5-962F-C54DC33C0C1C}.Model|Any CPU.ActiveCfg = Model|Any CPU
		{1F37443A-C6BC-42E5-962F-C54DC33C0C1C}.Model|Any CPU.Build.0 = Model|Any CPU
		{1F37443A-C6BC-42E5-962F-C54DC33C0C1C}.Release|Any CPU.ActiveCfg = Release|Any CPU
		{1F37443A-C6BC-42E5-962F-C54DC33C0C1C}.Release|Any CPU.Build.0 = Release|Any CPU
		{C4CA9B8C-ADC8-4634-985A-93FB0553C69B}.Debug|Any CPU.ActiveCfg = Debug|Any CPU
		{C4CA9B8C-ADC8-4634-985A-93FB0553C69B}.Debug|Any CPU.Build.0 = Debug|Any CPU
		{C4CA9B8C-ADC8-4634-985A-93FB0553C69B}.Model|Any CPU.ActiveCfg = Model|Any CPU
		{C4CA9B8C-ADC8-4634-985A-93FB0553C69B}.Model|Any CPU.Build.0 = Model|Any CPU
		{C4CA9B8C-ADC8-4634-985A-93FB0553C69B}.Release|Any CPU.ActiveCfg = Release|Any CPU
		{C4CA9B8C-ADC8-4634-985A-93FB0553C69B}.Release|Any CPU.Build.0 = Release|Any CPU
		{FBDE51D3-5612-41BB-AE7D-3119F9B69529}.Debug|Any CPU.ActiveCfg = Debug|Any CPU
		{FBDE51D3-5612-41BB-AE7D-3119F9B69529}.Debug|Any CPU.Build.0 = Debug|Any CPU
		{FBDE51D3-5612-41BB-AE7D-3119F9B69529}.Model|Any CPU.ActiveCfg = Model|Any CPU
		{FBDE51D3-5612-41BB-AE7D-3119F9B69529}.Model|Any CPU.Build.0 = Model|Any CPU
		{FBDE51D3-5612-41BB-AE7D-3119F9B69529}.Release|Any CPU.ActiveCfg = Release|Any CPU
		{FBDE51D3-5612-41BB-AE7D-3119F9B69529}.Release|Any CPU.Build.0 = Release|Any CPU
		{419A5930-A4BC-4524-81ED-E6F10182BA00}.Debug|Any CPU.ActiveCfg = Debug|Any CPU
		{419A5930-A4BC-4524-81ED-E6F10182BA00}.Debug|Any CPU.Build.0 = Debug|Any CPU
		{419A5930-A4BC-4524-81ED-E6F10182BA00}.Model|Any CPU.ActiveCfg = Model|Any CPU
		{419A5930-A4BC-4524-81ED-E6F10182BA00}.Model|Any CPU.Build.0 = Model|Any CPU
		{419A5930-A4BC-4524-81ED-E6F10182BA00}.Release|Any CPU.ActiveCfg = Release|Any CPU
		{419A5930-A4BC-4524-81ED-E6F10182BA00}.Release|Any CPU.Build.0 = Release|Any CPU
		{2750A316-2DA2-45CB-9C5B-8A44A5D2A67C}.Debug|Any CPU.ActiveCfg = Debug|Any CPU
		{2750A316-2DA2-45CB-9C5B-8A44A5D2A67C}.Debug|Any CPU.Build.0 = Debug|Any CPU
		{2750A316-2DA2-45CB-9C5B-8A44A5D2A67C}.Model|Any CPU.ActiveCfg = Model|Any CPU
		{2750A316-2DA2-45CB-9C5B-8A44A5D2A67C}.Model|Any CPU.Build.0 = Model|Any CPU
		{2750A316-2DA2-45CB-9C5B-8A44A5D2A67C}.Release|Any CPU.ActiveCfg = Release|Any CPU
		{2750A316-2DA2-45CB-9C5B-8A44A5D2A67C}.Release|Any CPU.Build.0 = Release|Any CPU
		{03836756-4441-4B92-AAAD-5A778B39C500}.Debug|Any CPU.ActiveCfg = Debug|Any CPU
		{03836756-4441-4B92-AAAD-5A778B39C500}.Debug|Any CPU.Build.0 = Debug|Any CPU
		{03836756-4441-4B92-AAAD-5A778B39C500}.Model|Any CPU.ActiveCfg = Debug|Any CPU
		{03836756-4441-4B92-AAAD-5A778B39C500}.Model|Any CPU.Build.0 = Debug|Any CPU
		{03836756-4441-4B92-AAAD-5A778B39C500}.Release|Any CPU.ActiveCfg = Release|Any CPU
		{03836756-4441-4B92-AAAD-5A778B39C500}.Release|Any CPU.Build.0 = Release|Any CPU
	EndGlobalSection
	GlobalSection(SolutionProperties) = preSolution
		HideSolutionNode = FALSE
	EndGlobalSection
	GlobalSection(NestedProjects) = preSolution
		{2750A316-2DA2-45CB-9C5B-8A44A5D2A67C} = {E3A27AFF-D445-4784-8725-E4B211062091}
		{03836756-4441-4B92-AAAD-5A778B39C500} = {E3A27AFF-D445-4784-8725-E4B211062091}
	EndGlobalSection
	GlobalSection(ExtensibilityGlobals) = postSolution
		SolutionGuid = {C6957F20-CC30-476C-A3D8-48C3B3D0DC34}
	EndGlobalSection
EndGlobal
