
Microsoft Visual Studio Solution File, Format Version 12.00
# Visual Studio Version 17
VisualStudioVersion = 17.4.32916.344
MinimumVisualStudioVersion = 10.0.40219.1
Project("{9A19103F-16F7-4668-BE54-9A1E7A4F7556}") = "LabCarDeskTop", "LabCarDeskTop\LabCarDeskTop.csproj", "{7B6D1F5D-4136-4C16-8332-0D6BDE33AAA4}"
EndProject
Project("{9A19103F-16F7-4668-BE54-9A1E7A4F7556}") = "TestContextLabCar", "TestContextLabCar\TestContextLabCar.csproj", "{53539A63-AD8D-438E-A6A0-E63A16AFA303}"
EndProject
Project("{9A19103F-16F7-4668-BE54-9A1E7A4F7556}") = "ContextLabCar", "ContextLabCar\ContextLabCar.csproj", "{4D6582BD-F5BB-46F0-8FB0-546AD86ED632}"
EndProject
Project("{9A19103F-16F7-4668-BE54-9A1E7A4F7556}") = "TestDelegate", "TestDelegate\TestDelegate.csproj", "{1F37443A-C6BC-42E5-962F-C54DC33C0C1C}"
EndProject
Project("{FAE04EC0-301F-11D3-BF4B-00C04F79EFBC}") = "TestPerem", "TestPerem\TestPerem.csproj", "{C4CA9B8C-ADC8-4634-985A-93FB0553C69B}"
EndProject
Global
	GlobalSection(SolutionConfigurationPlatforms) = preSolution
		Debug|Any CPU = Debug|Any CPU
		Release|Any CPU = Release|Any CPU
	EndGlobalSection
	GlobalSection(ProjectConfigurationPlatforms) = postSolution
		{7B6D1F5D-4136-4C16-8332-0D6BDE33AAA4}.Debug|Any CPU.ActiveCfg = Debug|Any CPU
		{7B6D1F5D-4136-4C16-8332-0D6BDE33AAA4}.Debug|Any CPU.Build.0 = Debug|Any CPU
		{7B6D1F5D-4136-4C16-8332-0D6BDE33AAA4}.Release|Any CPU.ActiveCfg = Release|Any CPU
		{7B6D1F5D-4136-4C16-8332-0D6BDE33AAA4}.Release|Any CPU.Build.0 = Release|Any CPU
		{53539A63-AD8D-438E-A6A0-E63A16AFA303}.Debug|Any CPU.ActiveCfg = Debug|Any CPU
		{53539A63-AD8D-438E-A6A0-E63A16AFA303}.Debug|Any CPU.Build.0 = Debug|Any CPU
		{53539A63-AD8D-438E-A6A0-E63A16AFA303}.Release|Any CPU.ActiveCfg = Release|Any CPU
		{53539A63-AD8D-438E-A6A0-E63A16AFA303}.Release|Any CPU.Build.0 = Release|Any CPU
		{4D6582BD-F5BB-46F0-8FB0-546AD86ED632}.Debug|Any CPU.ActiveCfg = Debug|Any CPU
		{4D6582BD-F5BB-46F0-8FB0-546AD86ED632}.Debug|Any CPU.Build.0 = Debug|Any CPU
		{4D6582BD-F5BB-46F0-8FB0-546AD86ED632}.Release|Any CPU.ActiveCfg = Release|Any CPU
		{4D6582BD-F5BB-46F0-8FB0-546AD86ED632}.Release|Any CPU.Build.0 = Release|Any CPU
		{1F37443A-C6BC-42E5-962F-C54DC33C0C1C}.Debug|Any CPU.ActiveCfg = Debug|Any CPU
		{1F37443A-C6BC-42E5-962F-C54DC33C0C1C}.Debug|Any CPU.Build.0 = Debug|Any CPU
		{1F37443A-C6BC-42E5-962F-C54DC33C0C1C}.Release|Any CPU.ActiveCfg = Release|Any CPU
		{1F37443A-C6BC-42E5-962F-C54DC33C0C1C}.Release|Any CPU.Build.0 = Release|Any CPU
		{C4CA9B8C-ADC8-4634-985A-93FB0553C69B}.Debug|Any CPU.ActiveCfg = Debug|Any CPU
		{C4CA9B8C-ADC8-4634-985A-93FB0553C69B}.Debug|Any CPU.Build.0 = Debug|Any CPU
		{C4CA9B8C-ADC8-4634-985A-93FB0553C69B}.Release|Any CPU.ActiveCfg = Release|Any CPU
		{C4CA9B8C-ADC8-4634-985A-93FB0553C69B}.Release|Any CPU.Build.0 = Release|Any CPU
	EndGlobalSection
	GlobalSection(SolutionProperties) = preSolution
		HideSolutionNode = FALSE
	EndGlobalSection
	GlobalSection(ExtensibilityGlobals) = postSolution
		SolutionGuid = {C6957F20-CC30-476C-A3D8-48C3B3D0DC34}
	EndGlobalSection
EndGlobal
