
Microsoft Visual Studio Solution File, Format Version 12.00
# Visual Studio Version 17
VisualStudioVersion = 17.4.32912.340
MinimumVisualStudioVersion = 10.0.40219.1
Project("{9A19103F-16F7-4668-BE54-9A1E7A4F7556}") = "TestDll", "TestDll\TestDll.csproj", "{F2742ACF-23D4-499C-B590-EC3B4D9A01D9}"
EndProject
Project("{9A19103F-16F7-4668-BE54-9A1E7A4F7556}") = "Common", "Common\Common.csproj", "{747258D7-E9E5-4EB9-AA56-F48E431AC7BF}"
EndProject
Project("{FAE04EC0-301F-11D3-BF4B-00C04F79EFBC}") = "etas.eas.util", "etas.eas.util\etas.eas.util.csproj", "{BABDFB41-D062-4FA9-81D4-2A48B3BA25DA}"
EndProject
Global
	GlobalSection(SolutionConfigurationPlatforms) = preSolution
		Debug|Any CPU = Debug|Any CPU
		Release|Any CPU = Release|Any CPU
	EndGlobalSection
	GlobalSection(ProjectConfigurationPlatforms) = postSolution
		{F2742ACF-23D4-499C-B590-EC3B4D9A01D9}.Debug|Any CPU.ActiveCfg = Debug|Any CPU
		{F2742ACF-23D4-499C-B590-EC3B4D9A01D9}.Debug|Any CPU.Build.0 = Debug|Any CPU
		{F2742ACF-23D4-499C-B590-EC3B4D9A01D9}.Release|Any CPU.ActiveCfg = Release|Any CPU
		{F2742ACF-23D4-499C-B590-EC3B4D9A01D9}.Release|Any CPU.Build.0 = Release|Any CPU
		{747258D7-E9E5-4EB9-AA56-F48E431AC7BF}.Debug|Any CPU.ActiveCfg = Debug|Any CPU
		{747258D7-E9E5-4EB9-AA56-F48E431AC7BF}.Debug|Any CPU.Build.0 = Debug|Any CPU
		{747258D7-E9E5-4EB9-AA56-F48E431AC7BF}.Release|Any CPU.ActiveCfg = Release|Any CPU
		{747258D7-E9E5-4EB9-AA56-F48E431AC7BF}.Release|Any CPU.Build.0 = Release|Any CPU
		{BABDFB41-D062-4FA9-81D4-2A48B3BA25DA}.Debug|Any CPU.ActiveCfg = Debug|Any CPU
		{BABDFB41-D062-4FA9-81D4-2A48B3BA25DA}.Debug|Any CPU.Build.0 = Debug|Any CPU
		{BABDFB41-D062-4FA9-81D4-2A48B3BA25DA}.Release|Any CPU.ActiveCfg = Release|Any CPU
		{BABDFB41-D062-4FA9-81D4-2A48B3BA25DA}.Release|Any CPU.Build.0 = Release|Any CPU
	EndGlobalSection
	GlobalSection(SolutionProperties) = preSolution
		HideSolutionNode = FALSE
	EndGlobalSection
	GlobalSection(ExtensibilityGlobals) = postSolution
		SolutionGuid = {B7DEE459-8943-47AD-829F-3ED90008CA60}
	EndGlobalSection
EndGlobal
